
Microsoft Visual Studio Solution File, Format Version 12.00
# Visual Studio Version 16
VisualStudioVersion = 16.0.31105.61
MinimumVisualStudioVersion = 10.0.40219.1
Project("{FAE04EC0-301F-11D3-BF4B-00C04F79EFBC}") = "4", "4\4.csproj", "{57C2F062-946C-4B66-A186-E0DB1756A56B}"
EndProject
Global
	GlobalSection(SolutionConfigurationPlatforms) = preSolution
		Debug|Any CPU = Debug|Any CPU
		Release|Any CPU = Release|Any CPU
	EndGlobalSection
	GlobalSection(ProjectConfigurationPlatforms) = postSolution
		{57C2F062-946C-4B66-A186-E0DB1756A56B}.Debug|Any CPU.ActiveCfg = Debug|Any CPU
		{57C2F062-946C-4B66-A186-E0DB1756A56B}.Debug|Any CPU.Build.0 = Debug|Any CPU
		{57C2F062-946C-4B66-A186-E0DB1756A56B}.Release|Any CPU.ActiveCfg = Release|Any CPU
		{57C2F062-946C-4B66-A186-E0DB1756A56B}.Release|Any CPU.Build.0 = Release|Any CPU
	EndGlobalSection
	GlobalSection(SolutionProperties) = preSolution
		HideSolutionNode = FALSE
	EndGlobalSection
	GlobalSection(ExtensibilityGlobals) = postSolution
		SolutionGuid = {213D82A1-B805-4CB3-A116-DF96B9B869A2}
	EndGlobalSection
EndGlobal
